
Microsoft Visual Studio Solution File, Format Version 12.00
# Visual Studio Version 16
VisualStudioVersion = 16.0.31205.134
MinimumVisualStudioVersion = 10.0.40219.1
Project("{FAE04EC0-301F-11D3-BF4B-00C04F79EFBC}") = "SysHealthCheck.WebApp", "src\SysHealthCheck.WebApp\SysHealthCheck.WebApp.csproj", "{649BA81A-9F0D-499A-BE18-CE4BF6ED3392}"
EndProject
Project("{FAE04EC0-301F-11D3-BF4B-00C04F79EFBC}") = "SysHealthCheck.WebApi", "src\SysHealthCheck.WebApi\SysHealthCheck.WebApi.csproj", "{A6A2FFAC-ACEB-4663-B25A-EFDC23D6819A}"
EndProject
Global
	GlobalSection(SolutionConfigurationPlatforms) = preSolution
		Debug|Any CPU = Debug|Any CPU
		Release|Any CPU = Release|Any CPU
	EndGlobalSection
	GlobalSection(ProjectConfigurationPlatforms) = postSolution
		{649BA81A-9F0D-499A-BE18-CE4BF6ED3392}.Debug|Any CPU.ActiveCfg = Debug|Any CPU
		{649BA81A-9F0D-499A-BE18-CE4BF6ED3392}.Debug|Any CPU.Build.0 = Debug|Any CPU
		{649BA81A-9F0D-499A-BE18-CE4BF6ED3392}.Release|Any CPU.ActiveCfg = Release|Any CPU
		{649BA81A-9F0D-499A-BE18-CE4BF6ED3392}.Release|Any CPU.Build.0 = Release|Any CPU
		{A6A2FFAC-ACEB-4663-B25A-EFDC23D6819A}.Debug|Any CPU.ActiveCfg = Debug|Any CPU
		{A6A2FFAC-ACEB-4663-B25A-EFDC23D6819A}.Debug|Any CPU.Build.0 = Debug|Any CPU
		{A6A2FFAC-ACEB-4663-B25A-EFDC23D6819A}.Release|Any CPU.ActiveCfg = Release|Any CPU
		{A6A2FFAC-ACEB-4663-B25A-EFDC23D6819A}.Release|Any CPU.Build.0 = Release|Any CPU
	EndGlobalSection
	GlobalSection(SolutionProperties) = preSolution
		HideSolutionNode = FALSE
	EndGlobalSection
	GlobalSection(ExtensibilityGlobals) = postSolution
		SolutionGuid = {46595036-339E-4963-A359-9904AC00CF49}
	EndGlobalSection
EndGlobal
